
Microsoft Visual Studio Solution File, Format Version 12.00
# Visual Studio Version 16
VisualStudioVersion = 16.0.31424.327
MinimumVisualStudioVersion = 10.0.40219.1
Project("{9A19103F-16F7-4668-BE54-9A1E7A4F7556}") = "NasLandingPage", "NasLandingPage\NasLandingPage.csproj", "{05FB10BF-859C-4B8F-ACE3-935C651A4B68}"
EndProject
Project("{2150E333-8FDC-42A3-9474-1A3956D46DE8}") = "Lib", "Lib", "{B0E2D2CD-3B86-459A-BEFC-A7F205C1D6EC}"
EndProject
Project("{FAE04EC0-301F-11D3-BF4B-00C04F79EFBC}") = "NasLandingPage.T1.Tests", "NasLandingPage.T1.Tests\NasLandingPage.T1.Tests.csproj", "{0667135E-D3BE-4DA7-940F-91792EEB5B92}"
EndProject
Global
	GlobalSection(SolutionConfigurationPlatforms) = preSolution
		Debug|Any CPU = Debug|Any CPU
		Release|Any CPU = Release|Any CPU
	EndGlobalSection
	GlobalSection(ProjectConfigurationPlatforms) = postSolution
		{05FB10BF-859C-4B8F-ACE3-935C651A4B68}.Debug|Any CPU.ActiveCfg = Debug|Any CPU
		{05FB10BF-859C-4B8F-ACE3-935C651A4B68}.Debug|Any CPU.Build.0 = Debug|Any CPU
		{05FB10BF-859C-4B8F-ACE3-935C651A4B68}.Release|Any CPU.ActiveCfg = Release|Any CPU
		{05FB10BF-859C-4B8F-ACE3-935C651A4B68}.Release|Any CPU.Build.0 = Release|Any CPU
		{0667135E-D3BE-4DA7-940F-91792EEB5B92}.Debug|Any CPU.ActiveCfg = Debug|Any CPU
		{0667135E-D3BE-4DA7-940F-91792EEB5B92}.Debug|Any CPU.Build.0 = Debug|Any CPU
		{0667135E-D3BE-4DA7-940F-91792EEB5B92}.Release|Any CPU.ActiveCfg = Release|Any CPU
		{0667135E-D3BE-4DA7-940F-91792EEB5B92}.Release|Any CPU.Build.0 = Release|Any CPU
	EndGlobalSection
	GlobalSection(SolutionProperties) = preSolution
		HideSolutionNode = FALSE
	EndGlobalSection
	GlobalSection(NestedProjects) = preSolution
		{0667135E-D3BE-4DA7-940F-91792EEB5B92} = {B0E2D2CD-3B86-459A-BEFC-A7F205C1D6EC}
	EndGlobalSection
	GlobalSection(ExtensibilityGlobals) = postSolution
		SolutionGuid = {AEA90DB7-9E98-49AE-8FD2-718D29E82ED3}
	EndGlobalSection
EndGlobal
