
Microsoft Visual Studio Solution File, Format Version 12.00
# Visual Studio Version 16
VisualStudioVersion = 16.0.31424.327
MinimumVisualStudioVersion = 10.0.40219.1
Project("{FAE04EC0-301F-11D3-BF4B-00C04F79EFBC}") = "NasLandingPage", "NasLandingPage\NasLandingPage.csproj", "{05FB10BF-859C-4B8F-ACE3-935C651A4B68}"
EndProject
Global
	GlobalSection(SolutionConfigurationPlatforms) = preSolution
		Debug|Any CPU = Debug|Any CPU
		Release|Any CPU = Release|Any CPU
	EndGlobalSection
	GlobalSection(ProjectConfigurationPlatforms) = postSolution
		{05FB10BF-859C-4B8F-ACE3-935C651A4B68}.Debug|Any CPU.ActiveCfg = Debug|Any CPU
		{05FB10BF-859C-4B8F-ACE3-935C651A4B68}.Debug|Any CPU.Build.0 = Debug|Any CPU
		{05FB10BF-859C-4B8F-ACE3-935C651A4B68}.Release|Any CPU.ActiveCfg = Release|Any CPU
		{05FB10BF-859C-4B8F-ACE3-935C651A4B68}.Release|Any CPU.Build.0 = Release|Any CPU
	EndGlobalSection
	GlobalSection(SolutionProperties) = preSolution
		HideSolutionNode = FALSE
	EndGlobalSection
	GlobalSection(ExtensibilityGlobals) = postSolution
		SolutionGuid = {AEA90DB7-9E98-49AE-8FD2-718D29E82ED3}
	EndGlobalSection
EndGlobal
