
Microsoft Visual Studio Solution File, Format Version 12.00
# Visual Studio Version 17
VisualStudioVersion = 17.6.33723.286
MinimumVisualStudioVersion = 10.0.40219.1
Project("{9A19103F-16F7-4668-BE54-9A1E7A4F7556}") = "NasLandingPage", "NasLandingPage\NasLandingPage.csproj", "{989ACC6C-582A-455F-94EC-6F35BD27A390}"
EndProject
Project("{FAE04EC0-301F-11D3-BF4B-00C04F79EFBC}") = "NasLandingPage.Tests", "..\tests\NasLandingPageTests\NasLandingPage.Tests.csproj", "{8241EECC-6D53-4180-8684-BF64AE0A9E6F}"
EndProject
Global
	GlobalSection(SolutionConfigurationPlatforms) = preSolution
		Debug|Any CPU = Debug|Any CPU
		Release|Any CPU = Release|Any CPU
	EndGlobalSection
	GlobalSection(ProjectConfigurationPlatforms) = postSolution
		{989ACC6C-582A-455F-94EC-6F35BD27A390}.Debug|Any CPU.ActiveCfg = Debug|Any CPU
		{989ACC6C-582A-455F-94EC-6F35BD27A390}.Debug|Any CPU.Build.0 = Debug|Any CPU
		{989ACC6C-582A-455F-94EC-6F35BD27A390}.Release|Any CPU.ActiveCfg = Release|Any CPU
		{989ACC6C-582A-455F-94EC-6F35BD27A390}.Release|Any CPU.Build.0 = Release|Any CPU
		{8241EECC-6D53-4180-8684-BF64AE0A9E6F}.Debug|Any CPU.ActiveCfg = Debug|Any CPU
		{8241EECC-6D53-4180-8684-BF64AE0A9E6F}.Debug|Any CPU.Build.0 = Debug|Any CPU
		{8241EECC-6D53-4180-8684-BF64AE0A9E6F}.Release|Any CPU.ActiveCfg = Release|Any CPU
		{8241EECC-6D53-4180-8684-BF64AE0A9E6F}.Release|Any CPU.Build.0 = Release|Any CPU
	EndGlobalSection
	GlobalSection(SolutionProperties) = preSolution
		HideSolutionNode = FALSE
	EndGlobalSection
	GlobalSection(ExtensibilityGlobals) = postSolution
		SolutionGuid = {ED92A2CF-17B5-42FB-BF43-7F8D84F481CE}
	EndGlobalSection
EndGlobal
